
Microsoft Visual Studio Solution File, Format Version 12.00
# Visual Studio Version 16
VisualStudioVersion = 16.0.30320.27
MinimumVisualStudioVersion = 10.0.40219.1
Project("{FAE04EC0-301F-11D3-BF4B-00C04F79EFBC}") = "QuanLyCoSoSX", "QuanLyCoSoSX\QuanLyCoSoSX.csproj", "{7BD8CAD7-EA19-4C61-B531-FCD6F51B445A}"
EndProject
Project("{FAE04EC0-301F-11D3-BF4B-00C04F79EFBC}") = "TEST", "TEST\TEST.csproj", "{FE6A820C-1AAA-4501-A5F5-F738BCE15BC6}"
EndProject
Global
	GlobalSection(SolutionConfigurationPlatforms) = preSolution
		Debug|Any CPU = Debug|Any CPU
		Release|Any CPU = Release|Any CPU
	EndGlobalSection
	GlobalSection(ProjectConfigurationPlatforms) = postSolution
		{7BD8CAD7-EA19-4C61-B531-FCD6F51B445A}.Debug|Any CPU.ActiveCfg = Debug|Any CPU
		{7BD8CAD7-EA19-4C61-B531-FCD6F51B445A}.Debug|Any CPU.Build.0 = Debug|Any CPU
		{7BD8CAD7-EA19-4C61-B531-FCD6F51B445A}.Release|Any CPU.ActiveCfg = Release|Any CPU
		{7BD8CAD7-EA19-4C61-B531-FCD6F51B445A}.Release|Any CPU.Build.0 = Release|Any CPU
		{FE6A820C-1AAA-4501-A5F5-F738BCE15BC6}.Debug|Any CPU.ActiveCfg = Debug|Any CPU
		{FE6A820C-1AAA-4501-A5F5-F738BCE15BC6}.Debug|Any CPU.Build.0 = Debug|Any CPU
		{FE6A820C-1AAA-4501-A5F5-F738BCE15BC6}.Release|Any CPU.ActiveCfg = Release|Any CPU
		{FE6A820C-1AAA-4501-A5F5-F738BCE15BC6}.Release|Any CPU.Build.0 = Release|Any CPU
	EndGlobalSection
	GlobalSection(SolutionProperties) = preSolution
		HideSolutionNode = FALSE
	EndGlobalSection
	GlobalSection(ExtensibilityGlobals) = postSolution
		SolutionGuid = {6B0DE2E7-A783-44E4-8B38-47E9D315A5F6}
	EndGlobalSection
EndGlobal
